// !$*UTF8*$!
{
	archiveVersion = 1;
	classes = {
	};
	objectVersion = 50;
	objects = {

/* Begin PBXBuildFile section */
		164D5B4420B94A4A008F359F /* AppDelegate.swift in Sources */ = {isa = PBXBuildFile; fileRef = 164D5B4320B94A4A008F359F /* AppDelegate.swift */; };
		164D5B4920B94A4A008F359F /* Main.storyboard in Resources */ = {isa = PBXBuildFile; fileRef = 164D5B4720B94A4A008F359F /* Main.storyboard */; };
		164D5B4B20B94A4B008F359F /* Assets.xcassets in Resources */ = {isa = PBXBuildFile; fileRef = 164D5B4A20B94A4B008F359F /* Assets.xcassets */; };
		164D5B4E20B94A4B008F359F /* LaunchScreen.storyboard in Resources */ = {isa = PBXBuildFile; fileRef = 164D5B4C20B94A4B008F359F /* LaunchScreen.storyboard */; };
		164D5B5920B94A4B008F359F /* spajam2018Tests.swift in Sources */ = {isa = PBXBuildFile; fileRef = 164D5B5820B94A4B008F359F /* spajam2018Tests.swift */; };
		164D5B6420B94A4B008F359F /* spajam2018UITests.swift in Sources */ = {isa = PBXBuildFile; fileRef = 164D5B6320B94A4B008F359F /* spajam2018UITests.swift */; };
		164D5B7620B9D9C8008F359F /* shareViewController.swift in Sources */ = {isa = PBXBuildFile; fileRef = 164D5B7520B9D9C8008F359F /* shareViewController.swift */; };
		164D5B7820B9EEE0008F359F /* testViewController.swift in Sources */ = {isa = PBXBuildFile; fileRef = 164D5B7720B9EEE0008F359F /* testViewController.swift */; };
		164D5B7A20B9F459008F359F /* loading.gif in Resources */ = {isa = PBXBuildFile; fileRef = 164D5B7920B9F458008F359F /* loading.gif */; };
		98D8E963135381C8EA22C2EE /* Pods_spajam2018UITests.framework in Frameworks */ = {isa = PBXBuildFile; fileRef = 7575002507F250FEC8FB9D3A /* Pods_spajam2018UITests.framework */; };
		D461A5D720B9590500CFFE58 /* SwiftyCam.framework in Frameworks */ = {isa = PBXBuildFile; fileRef = D461A5D620B9590500CFFE58 /* SwiftyCam.framework */; };
		D461A5D920B959CC00CFFE58 /* AVFoundation.framework in Frameworks */ = {isa = PBXBuildFile; fileRef = D461A5D820B959CC00CFFE58 /* AVFoundation.framework */; };
		D461A5DA20B95A4B00CFFE58 /* ViewController.swift in Sources */ = {isa = PBXBuildFile; fileRef = 164D5B4520B94A4A008F359F /* ViewController.swift */; };
		D461A5DF20B9637E00CFFE58 /* movie-button.png in Resources */ = {isa = PBXBuildFile; fileRef = D461A5DE20B9637E00CFFE58 /* movie-button.png */; };
		D461A5E120B9854600CFFE58 /* AVKit.framework in Frameworks */ = {isa = PBXBuildFile; fileRef = D461A5E020B9854600CFFE58 /* AVKit.framework */; };
		D461A5E320B9859100CFFE58 /* PreviewViewController.swift in Sources */ = {isa = PBXBuildFile; fileRef = D461A5E220B9859100CFFE58 /* PreviewViewController.swift */; };
		D461A5E520B9BF4800CFFE58 /* ball.gif in Resources */ = {isa = PBXBuildFile; fileRef = D461A5E420B9BF4800CFFE58 /* ball.gif */; };
		D461A5E720B9C6AB00CFFE58 /* HomeViewController.swift in Sources */ = {isa = PBXBuildFile; fileRef = D461A5E620B9C6AB00CFFE58 /* HomeViewController.swift */; };
		D461A5E920B9C6E300CFFE58 /* SwiftGifOrigin.framework in Frameworks */ = {isa = PBXBuildFile; fileRef = D461A5E820B9C6E300CFFE58 /* SwiftGifOrigin.framework */; };
		D461A5EB20B9DA5100CFFE58 /* Alamofire.framework in Frameworks */ = {isa = PBXBuildFile; fileRef = D461A5EA20B9DA5100CFFE58 /* Alamofire.framework */; };
		D461A5ED20B9DA5900CFFE58 /* SwiftyJSON.framework in Frameworks */ = {isa = PBXBuildFile; fileRef = D461A5EC20B9DA5900CFFE58 /* SwiftyJSON.framework */; };
		E2FBEB6DD789F387583F9EB3 /* Pods_spajam2018Tests.framework in Frameworks */ = {isa = PBXBuildFile; fileRef = 446B08418CD97C1684A9B624 /* Pods_spajam2018Tests.framework */; };
		F2106238CBFB1AC0FC833143 /* Pods_spajam2018.framework in Frameworks */ = {isa = PBXBuildFile; fileRef = 838622FFFCF57ADA6A644BFF /* Pods_spajam2018.framework */; };
/* End PBXBuildFile section */

/* Begin PBXContainerItemProxy section */
		164D5B5520B94A4B008F359F /* PBXContainerItemProxy */ = {
			isa = PBXContainerItemProxy;
			containerPortal = 164D5B3820B94A4A008F359F /* Project object */;
			proxyType = 1;
			remoteGlobalIDString = 164D5B3F20B94A4A008F359F;
			remoteInfo = spajam2018;
		};
		164D5B6020B94A4B008F359F /* PBXContainerItemProxy */ = {
			isa = PBXContainerItemProxy;
			containerPortal = 164D5B3820B94A4A008F359F /* Project object */;
			proxyType = 1;
			remoteGlobalIDString = 164D5B3F20B94A4A008F359F;
			remoteInfo = spajam2018;
		};
/* End PBXContainerItemProxy section */

/* Begin PBXFileReference section */
		106EC8298F5A306AB7A1DB0F /* Pods-spajam2018Tests.debug.xcconfig */ = {isa = PBXFileReference; includeInIndex = 1; lastKnownFileType = text.xcconfig; name = "Pods-spajam2018Tests.debug.xcconfig"; path = "Pods/Target Support Files/Pods-spajam2018Tests/Pods-spajam2018Tests.debug.xcconfig"; sourceTree = "<group>"; };
		164D5B4020B94A4A008F359F /* spajam2018.app */ = {isa = PBXFileReference; explicitFileType = wrapper.application; includeInIndex = 0; path = spajam2018.app; sourceTree = BUILT_PRODUCTS_DIR; };
		164D5B4320B94A4A008F359F /* AppDelegate.swift */ = {isa = PBXFileReference; lastKnownFileType = sourcecode.swift; path = AppDelegate.swift; sourceTree = "<group>"; };
		164D5B4520B94A4A008F359F /* ViewController.swift */ = {isa = PBXFileReference; lastKnownFileType = sourcecode.swift; path = ViewController.swift; sourceTree = "<group>"; };
		164D5B4820B94A4A008F359F /* Base */ = {isa = PBXFileReference; lastKnownFileType = file.storyboard; name = Base; path = Base.lproj/Main.storyboard; sourceTree = "<group>"; };
		164D5B4A20B94A4B008F359F /* Assets.xcassets */ = {isa = PBXFileReference; lastKnownFileType = folder.assetcatalog; path = Assets.xcassets; sourceTree = "<group>"; };
		164D5B4D20B94A4B008F359F /* Base */ = {isa = PBXFileReference; lastKnownFileType = file.storyboard; name = Base; path = Base.lproj/LaunchScreen.storyboard; sourceTree = "<group>"; };
		164D5B4F20B94A4B008F359F /* Info.plist */ = {isa = PBXFileReference; lastKnownFileType = text.plist.xml; path = Info.plist; sourceTree = "<group>"; };
		164D5B5420B94A4B008F359F /* spajam2018Tests.xctest */ = {isa = PBXFileReference; explicitFileType = wrapper.cfbundle; includeInIndex = 0; path = spajam2018Tests.xctest; sourceTree = BUILT_PRODUCTS_DIR; };
		164D5B5820B94A4B008F359F /* spajam2018Tests.swift */ = {isa = PBXFileReference; lastKnownFileType = sourcecode.swift; path = spajam2018Tests.swift; sourceTree = "<group>"; };
		164D5B5A20B94A4B008F359F /* Info.plist */ = {isa = PBXFileReference; lastKnownFileType = text.plist.xml; path = Info.plist; sourceTree = "<group>"; };
		164D5B5F20B94A4B008F359F /* spajam2018UITests.xctest */ = {isa = PBXFileReference; explicitFileType = wrapper.cfbundle; includeInIndex = 0; path = spajam2018UITests.xctest; sourceTree = BUILT_PRODUCTS_DIR; };
		164D5B6320B94A4B008F359F /* spajam2018UITests.swift */ = {isa = PBXFileReference; lastKnownFileType = sourcecode.swift; path = spajam2018UITests.swift; sourceTree = "<group>"; };
		164D5B6520B94A4B008F359F /* Info.plist */ = {isa = PBXFileReference; lastKnownFileType = text.plist.xml; path = Info.plist; sourceTree = "<group>"; };
		164D5B7520B9D9C8008F359F /* shareViewController.swift */ = {isa = PBXFileReference; lastKnownFileType = sourcecode.swift; path = shareViewController.swift; sourceTree = "<group>"; };
		164D5B7720B9EEE0008F359F /* testViewController.swift */ = {isa = PBXFileReference; lastKnownFileType = sourcecode.swift; path = testViewController.swift; sourceTree = "<group>"; };
		164D5B7920B9F458008F359F /* loading.gif */ = {isa = PBXFileReference; lastKnownFileType = image.gif; path = loading.gif; sourceTree = "<group>"; };
		1D94874D539F26337A96D57B /* Pods-spajam2018.debug.xcconfig */ = {isa = PBXFileReference; includeInIndex = 1; lastKnownFileType = text.xcconfig; name = "Pods-spajam2018.debug.xcconfig"; path = "Pods/Target Support Files/Pods-spajam2018/Pods-spajam2018.debug.xcconfig"; sourceTree = "<group>"; };
		1F2C879771BECCF3670EFA55 /* Pods-spajam2018UITests.debug.xcconfig */ = {isa = PBXFileReference; includeInIndex = 1; lastKnownFileType = text.xcconfig; name = "Pods-spajam2018UITests.debug.xcconfig"; path = "Pods/Target Support Files/Pods-spajam2018UITests/Pods-spajam2018UITests.debug.xcconfig"; sourceTree = "<group>"; };
		446B08418CD97C1684A9B624 /* Pods_spajam2018Tests.framework */ = {isa = PBXFileReference; explicitFileType = wrapper.framework; includeInIndex = 0; path = Pods_spajam2018Tests.framework; sourceTree = BUILT_PRODUCTS_DIR; };
		51E4CFDB38CF4FB4AFD0FE61 /* Pods-spajam2018Tests.release.xcconfig */ = {isa = PBXFileReference; includeInIndex = 1; lastKnownFileType = text.xcconfig; name = "Pods-spajam2018Tests.release.xcconfig"; path = "Pods/Target Support Files/Pods-spajam2018Tests/Pods-spajam2018Tests.release.xcconfig"; sourceTree = "<group>"; };
		7575002507F250FEC8FB9D3A /* Pods_spajam2018UITests.framework */ = {isa = PBXFileReference; explicitFileType = wrapper.framework; includeInIndex = 0; path = Pods_spajam2018UITests.framework; sourceTree = BUILT_PRODUCTS_DIR; };
		838622FFFCF57ADA6A644BFF /* Pods_spajam2018.framework */ = {isa = PBXFileReference; explicitFileType = wrapper.framework; includeInIndex = 0; path = Pods_spajam2018.framework; sourceTree = BUILT_PRODUCTS_DIR; };
		9BC2E8506F655900ED264206 /* Pods-spajam2018.release.xcconfig */ = {isa = PBXFileReference; includeInIndex = 1; lastKnownFileType = text.xcconfig; name = "Pods-spajam2018.release.xcconfig"; path = "Pods/Target Support Files/Pods-spajam2018/Pods-spajam2018.release.xcconfig"; sourceTree = "<group>"; };
		D461A5D620B9590500CFFE58 /* SwiftyCam.framework */ = {isa = PBXFileReference; explicitFileType = wrapper.framework; path = SwiftyCam.framework; sourceTree = BUILT_PRODUCTS_DIR; };
		D461A5D820B959CC00CFFE58 /* AVFoundation.framework */ = {isa = PBXFileReference; lastKnownFileType = wrapper.framework; name = AVFoundation.framework; path = System/Library/Frameworks/AVFoundation.framework; sourceTree = SDKROOT; };
		D461A5DE20B9637E00CFFE58 /* movie-button.png */ = {isa = PBXFileReference; lastKnownFileType = image.png; path = "movie-button.png"; sourceTree = "<group>"; };
		D461A5E020B9854600CFFE58 /* AVKit.framework */ = {isa = PBXFileReference; lastKnownFileType = wrapper.framework; name = AVKit.framework; path = System/Library/Frameworks/AVKit.framework; sourceTree = SDKROOT; };
		D461A5E220B9859100CFFE58 /* PreviewViewController.swift */ = {isa = PBXFileReference; lastKnownFileType = sourcecode.swift; path = PreviewViewController.swift; sourceTree = "<group>"; };
		D461A5E420B9BF4800CFFE58 /* ball.gif */ = {isa = PBXFileReference; lastKnownFileType = image.gif; path = ball.gif; sourceTree = "<group>"; };
		D461A5E620B9C6AB00CFFE58 /* HomeViewController.swift */ = {isa = PBXFileReference; lastKnownFileType = sourcecode.swift; path = HomeViewController.swift; sourceTree = "<group>"; };
		D461A5E820B9C6E300CFFE58 /* SwiftGifOrigin.framework */ = {isa = PBXFileReference; explicitFileType = wrapper.framework; path = SwiftGifOrigin.framework; sourceTree = BUILT_PRODUCTS_DIR; };
		D461A5EA20B9DA5100CFFE58 /* Alamofire.framework */ = {isa = PBXFileReference; explicitFileType = wrapper.framework; path = Alamofire.framework; sourceTree = BUILT_PRODUCTS_DIR; };
		D461A5EC20B9DA5900CFFE58 /* SwiftyJSON.framework */ = {isa = PBXFileReference; explicitFileType = wrapper.framework; path = SwiftyJSON.framework; sourceTree = BUILT_PRODUCTS_DIR; };
		E4BF907305B46D1F2EC20D27 /* Pods-spajam2018UITests.release.xcconfig */ = {isa = PBXFileReference; includeInIndex = 1; lastKnownFileType = text.xcconfig; name = "Pods-spajam2018UITests.release.xcconfig"; path = "Pods/Target Support Files/Pods-spajam2018UITests/Pods-spajam2018UITests.release.xcconfig"; sourceTree = "<group>"; };
/* End PBXFileReference section */

/* Begin PBXFrameworksBuildPhase section */
		164D5B3D20B94A4A008F359F /* Frameworks */ = {
			isa = PBXFrameworksBuildPhase;
			buildActionMask = 2147483647;
			files = (
				D461A5ED20B9DA5900CFFE58 /* SwiftyJSON.framework in Frameworks */,
				D461A5EB20B9DA5100CFFE58 /* Alamofire.framework in Frameworks */,
				D461A5E920B9C6E300CFFE58 /* SwiftGifOrigin.framework in Frameworks */,
				D461A5E120B9854600CFFE58 /* AVKit.framework in Frameworks */,
				D461A5D920B959CC00CFFE58 /* AVFoundation.framework in Frameworks */,
				D461A5D720B9590500CFFE58 /* SwiftyCam.framework in Frameworks */,
				F2106238CBFB1AC0FC833143 /* Pods_spajam2018.framework in Frameworks */,
			);
			runOnlyForDeploymentPostprocessing = 0;
		};
		164D5B5120B94A4B008F359F /* Frameworks */ = {
			isa = PBXFrameworksBuildPhase;
			buildActionMask = 2147483647;
			files = (
				E2FBEB6DD789F387583F9EB3 /* Pods_spajam2018Tests.framework in Frameworks */,
			);
			runOnlyForDeploymentPostprocessing = 0;
		};
		164D5B5C20B94A4B008F359F /* Frameworks */ = {
			isa = PBXFrameworksBuildPhase;
			buildActionMask = 2147483647;
			files = (
				98D8E963135381C8EA22C2EE /* Pods_spajam2018UITests.framework in Frameworks */,
			);
			runOnlyForDeploymentPostprocessing = 0;
		};
/* End PBXFrameworksBuildPhase section */

/* Begin PBXGroup section */
		164D5B3720B94A4A008F359F = {
			isa = PBXGroup;
			children = (
				164D5B4220B94A4A008F359F /* spajam2018 */,
				164D5B5720B94A4B008F359F /* spajam2018Tests */,
				164D5B6220B94A4B008F359F /* spajam2018UITests */,
				164D5B4120B94A4A008F359F /* Products */,
				9C51E6DE5C47500AAB7D97A1 /* Pods */,
				348DCE38119831B5B29379CB /* Frameworks */,
			);
			sourceTree = "<group>";
		};
		164D5B4120B94A4A008F359F /* Products */ = {
			isa = PBXGroup;
			children = (
				164D5B4020B94A4A008F359F /* spajam2018.app */,
				164D5B5420B94A4B008F359F /* spajam2018Tests.xctest */,
				164D5B5F20B94A4B008F359F /* spajam2018UITests.xctest */,
			);
			name = Products;
			sourceTree = "<group>";
		};
		164D5B4220B94A4A008F359F /* spajam2018 */ = {
			isa = PBXGroup;
			children = (
				D461A5E620B9C6AB00CFFE58 /* HomeViewController.swift */,
				164D5B4520B94A4A008F359F /* ViewController.swift */,
				164D5B7720B9EEE0008F359F /* testViewController.swift */,
				D461A5E220B9859100CFFE58 /* PreviewViewController.swift */,
				D461A5E420B9BF4800CFFE58 /* ball.gif */,
				164D5B7920B9F458008F359F /* loading.gif */,
				D461A5DE20B9637E00CFFE58 /* movie-button.png */,
				164D5B4320B94A4A008F359F /* AppDelegate.swift */,
				164D5B7520B9D9C8008F359F /* shareViewController.swift */,
				164D5B4720B94A4A008F359F /* Main.storyboard */,
				164D5B4C20B94A4B008F359F /* LaunchScreen.storyboard */,
				164D5B4A20B94A4B008F359F /* Assets.xcassets */,
				164D5B4F20B94A4B008F359F /* Info.plist */,
			);
			path = spajam2018;
			sourceTree = "<group>";
		};
		164D5B5720B94A4B008F359F /* spajam2018Tests */ = {
			isa = PBXGroup;
			children = (
				164D5B5820B94A4B008F359F /* spajam2018Tests.swift */,
				164D5B5A20B94A4B008F359F /* Info.plist */,
			);
			path = spajam2018Tests;
			sourceTree = "<group>";
		};
		164D5B6220B94A4B008F359F /* spajam2018UITests */ = {
			isa = PBXGroup;
			children = (
				164D5B6320B94A4B008F359F /* spajam2018UITests.swift */,
				164D5B6520B94A4B008F359F /* Info.plist */,
			);
			path = spajam2018UITests;
			sourceTree = "<group>";
		};
		348DCE38119831B5B29379CB /* Frameworks */ = {
			isa = PBXGroup;
			children = (
				D461A5EC20B9DA5900CFFE58 /* SwiftyJSON.framework */,
				D461A5EA20B9DA5100CFFE58 /* Alamofire.framework */,
				D461A5E820B9C6E300CFFE58 /* SwiftGifOrigin.framework */,
				D461A5E020B9854600CFFE58 /* AVKit.framework */,
				D461A5D820B959CC00CFFE58 /* AVFoundation.framework */,
				D461A5D620B9590500CFFE58 /* SwiftyCam.framework */,
				838622FFFCF57ADA6A644BFF /* Pods_spajam2018.framework */,
				446B08418CD97C1684A9B624 /* Pods_spajam2018Tests.framework */,
				7575002507F250FEC8FB9D3A /* Pods_spajam2018UITests.framework */,
			);
			name = Frameworks;
			sourceTree = "<group>";
		};
		9C51E6DE5C47500AAB7D97A1 /* Pods */ = {
			isa = PBXGroup;
			children = (
				1D94874D539F26337A96D57B /* Pods-spajam2018.debug.xcconfig */,
				9BC2E8506F655900ED264206 /* Pods-spajam2018.release.xcconfig */,
				106EC8298F5A306AB7A1DB0F /* Pods-spajam2018Tests.debug.xcconfig */,
				51E4CFDB38CF4FB4AFD0FE61 /* Pods-spajam2018Tests.release.xcconfig */,
				1F2C879771BECCF3670EFA55 /* Pods-spajam2018UITests.debug.xcconfig */,
				E4BF907305B46D1F2EC20D27 /* Pods-spajam2018UITests.release.xcconfig */,
			);
			name = Pods;
			sourceTree = "<group>";
		};
/* End PBXGroup section */

/* Begin PBXNativeTarget section */
		164D5B3F20B94A4A008F359F /* spajam2018 */ = {
			isa = PBXNativeTarget;
			buildConfigurationList = 164D5B6820B94A4B008F359F /* Build configuration list for PBXNativeTarget "spajam2018" */;
			buildPhases = (
				AFF684CE3E90F2F2559AB8E4 /* [CP] Check Pods Manifest.lock */,
				164D5B3C20B94A4A008F359F /* Sources */,
				164D5B3D20B94A4A008F359F /* Frameworks */,
				164D5B3E20B94A4A008F359F /* Resources */,
				41000051BD096B3530392244 /* [CP] Embed Pods Frameworks */,
			);
			buildRules = (
			);
			dependencies = (
			);
			name = spajam2018;
			productName = spajam2018;
			productReference = 164D5B4020B94A4A008F359F /* spajam2018.app */;
			productType = "com.apple.product-type.application";
		};
		164D5B5320B94A4B008F359F /* spajam2018Tests */ = {
			isa = PBXNativeTarget;
			buildConfigurationList = 164D5B6B20B94A4B008F359F /* Build configuration list for PBXNativeTarget "spajam2018Tests" */;
			buildPhases = (
				FBD493EB9175B5DC40EAFAFA /* [CP] Check Pods Manifest.lock */,
				164D5B5020B94A4B008F359F /* Sources */,
				164D5B5120B94A4B008F359F /* Frameworks */,
				164D5B5220B94A4B008F359F /* Resources */,
			);
			buildRules = (
			);
			dependencies = (
				164D5B5620B94A4B008F359F /* PBXTargetDependency */,
			);
			name = spajam2018Tests;
			productName = spajam2018Tests;
			productReference = 164D5B5420B94A4B008F359F /* spajam2018Tests.xctest */;
			productType = "com.apple.product-type.bundle.unit-test";
		};
		164D5B5E20B94A4B008F359F /* spajam2018UITests */ = {
			isa = PBXNativeTarget;
			buildConfigurationList = 164D5B6E20B94A4B008F359F /* Build configuration list for PBXNativeTarget "spajam2018UITests" */;
			buildPhases = (
				8D214E0E52A78E77E6D2C0E4 /* [CP] Check Pods Manifest.lock */,
				164D5B5B20B94A4B008F359F /* Sources */,
				164D5B5C20B94A4B008F359F /* Frameworks */,
				164D5B5D20B94A4B008F359F /* Resources */,
			);
			buildRules = (
			);
			dependencies = (
				164D5B6120B94A4B008F359F /* PBXTargetDependency */,
			);
			name = spajam2018UITests;
			productName = spajam2018UITests;
			productReference = 164D5B5F20B94A4B008F359F /* spajam2018UITests.xctest */;
			productType = "com.apple.product-type.bundle.ui-testing";
		};
/* End PBXNativeTarget section */

/* Begin PBXProject section */
		164D5B3820B94A4A008F359F /* Project object */ = {
			isa = PBXProject;
			attributes = {
				LastSwiftUpdateCheck = 0930;
				LastUpgradeCheck = 0930;
				ORGANIZATIONNAME = "高橋勇輝";
				TargetAttributes = {
					164D5B3F20B94A4A008F359F = {
						CreatedOnToolsVersion = 9.3.1;
					};
					164D5B5320B94A4B008F359F = {
						CreatedOnToolsVersion = 9.3.1;
						TestTargetID = 164D5B3F20B94A4A008F359F;
					};
					164D5B5E20B94A4B008F359F = {
						CreatedOnToolsVersion = 9.3.1;
						TestTargetID = 164D5B3F20B94A4A008F359F;
					};
				};
			};
			buildConfigurationList = 164D5B3B20B94A4A008F359F /* Build configuration list for PBXProject "spajam2018" */;
			compatibilityVersion = "Xcode 9.3";
			developmentRegion = en;
			hasScannedForEncodings = 0;
			knownRegions = (
				en,
				Base,
			);
			mainGroup = 164D5B3720B94A4A008F359F;
			productRefGroup = 164D5B4120B94A4A008F359F /* Products */;
			projectDirPath = "";
			projectRoot = "";
			targets = (
				164D5B3F20B94A4A008F359F /* spajam2018 */,
				164D5B5320B94A4B008F359F /* spajam2018Tests */,
				164D5B5E20B94A4B008F359F /* spajam2018UITests */,
			);
		};
/* End PBXProject section */

/* Begin PBXResourcesBuildPhase section */
		164D5B3E20B94A4A008F359F /* Resources */ = {
			isa = PBXResourcesBuildPhase;
			buildActionMask = 2147483647;
			files = (
				D461A5DF20B9637E00CFFE58 /* movie-button.png in Resources */,
				164D5B4E20B94A4B008F359F /* LaunchScreen.storyboard in Resources */,
				D461A5E520B9BF4800CFFE58 /* ball.gif in Resources */,
				164D5B7A20B9F459008F359F /* loading.gif in Resources */,
				164D5B4B20B94A4B008F359F /* Assets.xcassets in Resources */,
				164D5B4920B94A4A008F359F /* Main.storyboard in Resources */,
			);
			runOnlyForDeploymentPostprocessing = 0;
		};
		164D5B5220B94A4B008F359F /* Resources */ = {
			isa = PBXResourcesBuildPhase;
			buildActionMask = 2147483647;
			files = (
			);
			runOnlyForDeploymentPostprocessing = 0;
		};
		164D5B5D20B94A4B008F359F /* Resources */ = {
			isa = PBXResourcesBuildPhase;
			buildActionMask = 2147483647;
			files = (
			);
			runOnlyForDeploymentPostprocessing = 0;
		};
/* End PBXResourcesBuildPhase section */

/* Begin PBXShellScriptBuildPhase section */
		41000051BD096B3530392244 /* [CP] Embed Pods Frameworks */ = {
			isa = PBXShellScriptBuildPhase;
			buildActionMask = 2147483647;
			files = (
			);
			inputPaths = (
				"${SRCROOT}/Pods/Target Support Files/Pods-spajam2018/Pods-spajam2018-frameworks.sh",
				"${BUILT_PRODUCTS_DIR}/Alamofire/Alamofire.framework",
				"${BUILT_PRODUCTS_DIR}/SwiftGifOrigin/SwiftGifOrigin.framework",
				"${BUILT_PRODUCTS_DIR}/SwiftyCam/SwiftyCam.framework",
				"${BUILT_PRODUCTS_DIR}/SwiftyJSON/SwiftyJSON.framework",
			);
			name = "[CP] Embed Pods Frameworks";
			outputPaths = (
				"${TARGET_BUILD_DIR}/${FRAMEWORKS_FOLDER_PATH}/Alamofire.framework",
				"${TARGET_BUILD_DIR}/${FRAMEWORKS_FOLDER_PATH}/SwiftGifOrigin.framework",
				"${TARGET_BUILD_DIR}/${FRAMEWORKS_FOLDER_PATH}/SwiftyCam.framework",
				"${TARGET_BUILD_DIR}/${FRAMEWORKS_FOLDER_PATH}/SwiftyJSON.framework",
			);
			runOnlyForDeploymentPostprocessing = 0;
			shellPath = /bin/sh;
			shellScript = "\"${SRCROOT}/Pods/Target Support Files/Pods-spajam2018/Pods-spajam2018-frameworks.sh\"\n";
			showEnvVarsInLog = 0;
		};
		8D214E0E52A78E77E6D2C0E4 /* [CP] Check Pods Manifest.lock */ = {
			isa = PBXShellScriptBuildPhase;
			buildActionMask = 2147483647;
			files = (
			);
			inputPaths = (
				"${PODS_PODFILE_DIR_PATH}/Podfile.lock",
				"${PODS_ROOT}/Manifest.lock",
			);
			name = "[CP] Check Pods Manifest.lock";
			outputPaths = (
				"$(DERIVED_FILE_DIR)/Pods-spajam2018UITests-checkManifestLockResult.txt",
			);
			runOnlyForDeploymentPostprocessing = 0;
			shellPath = /bin/sh;
			shellScript = "diff \"${PODS_PODFILE_DIR_PATH}/Podfile.lock\" \"${PODS_ROOT}/Manifest.lock\" > /dev/null\nif [ $? != 0 ] ; then\n    # print error to STDERR\n    echo \"error: The sandbox is not in sync with the Podfile.lock. Run 'pod install' or update your CocoaPods installation.\" >&2\n    exit 1\nfi\n# This output is used by Xcode 'outputs' to avoid re-running this script phase.\necho \"SUCCESS\" > \"${SCRIPT_OUTPUT_FILE_0}\"\n";
			showEnvVarsInLog = 0;
		};
		AFF684CE3E90F2F2559AB8E4 /* [CP] Check Pods Manifest.lock */ = {
			isa = PBXShellScriptBuildPhase;
			buildActionMask = 2147483647;
			files = (
			);
			inputPaths = (
				"${PODS_PODFILE_DIR_PATH}/Podfile.lock",
				"${PODS_ROOT}/Manifest.lock",
			);
			name = "[CP] Check Pods Manifest.lock";
			outputPaths = (
				"$(DERIVED_FILE_DIR)/Pods-spajam2018-checkManifestLockResult.txt",
			);
			runOnlyForDeploymentPostprocessing = 0;
			shellPath = /bin/sh;
			shellScript = "diff \"${PODS_PODFILE_DIR_PATH}/Podfile.lock\" \"${PODS_ROOT}/Manifest.lock\" > /dev/null\nif [ $? != 0 ] ; then\n    # print error to STDERR\n    echo \"error: The sandbox is not in sync with the Podfile.lock. Run 'pod install' or update your CocoaPods installation.\" >&2\n    exit 1\nfi\n# This output is used by Xcode 'outputs' to avoid re-running this script phase.\necho \"SUCCESS\" > \"${SCRIPT_OUTPUT_FILE_0}\"\n";
			showEnvVarsInLog = 0;
		};
		FBD493EB9175B5DC40EAFAFA /* [CP] Check Pods Manifest.lock */ = {
			isa = PBXShellScriptBuildPhase;
			buildActionMask = 2147483647;
			files = (
			);
			inputPaths = (
				"${PODS_PODFILE_DIR_PATH}/Podfile.lock",
				"${PODS_ROOT}/Manifest.lock",
			);
			name = "[CP] Check Pods Manifest.lock";
			outputPaths = (
				"$(DERIVED_FILE_DIR)/Pods-spajam2018Tests-checkManifestLockResult.txt",
			);
			runOnlyForDeploymentPostprocessing = 0;
			shellPath = /bin/sh;
			shellScript = "diff \"${PODS_PODFILE_DIR_PATH}/Podfile.lock\" \"${PODS_ROOT}/Manifest.lock\" > /dev/null\nif [ $? != 0 ] ; then\n    # print error to STDERR\n    echo \"error: The sandbox is not in sync with the Podfile.lock. Run 'pod install' or update your CocoaPods installation.\" >&2\n    exit 1\nfi\n# This output is used by Xcode 'outputs' to avoid re-running this script phase.\necho \"SUCCESS\" > \"${SCRIPT_OUTPUT_FILE_0}\"\n";
			showEnvVarsInLog = 0;
		};
/* End PBXShellScriptBuildPhase section */

/* Begin PBXSourcesBuildPhase section */
		164D5B3C20B94A4A008F359F /* Sources */ = {
			isa = PBXSourcesBuildPhase;
			buildActionMask = 2147483647;
			files = (
				164D5B7820B9EEE0008F359F /* testViewController.swift in Sources */,
				D461A5DA20B95A4B00CFFE58 /* ViewController.swift in Sources */,
				164D5B4420B94A4A008F359F /* AppDelegate.swift in Sources */,
				D461A5E320B9859100CFFE58 /* PreviewViewController.swift in Sources */,
				164D5B7620B9D9C8008F359F /* shareViewController.swift in Sources */,
				D461A5E720B9C6AB00CFFE58 /* HomeViewController.swift in Sources */,
			);
			runOnlyForDeploymentPostprocessing = 0;
		};
		164D5B5020B94A4B008F359F /* Sources */ = {
			isa = PBXSourcesBuildPhase;
			buildActionMask = 2147483647;
			files = (
				164D5B5920B94A4B008F359F /* spajam2018Tests.swift in Sources */,
			);
			runOnlyForDeploymentPostprocessing = 0;
		};
		164D5B5B20B94A4B008F359F /* Sources */ = {
			isa = PBXSourcesBuildPhase;
			buildActionMask = 2147483647;
			files = (
				164D5B6420B94A4B008F359F /* spajam2018UITests.swift in Sources */,
			);
			runOnlyForDeploymentPostprocessing = 0;
		};
/* End PBXSourcesBuildPhase section */

/* Begin PBXTargetDependency section */
		164D5B5620B94A4B008F359F /* PBXTargetDependency */ = {
			isa = PBXTargetDependency;
			target = 164D5B3F20B94A4A008F359F /* spajam2018 */;
			targetProxy = 164D5B5520B94A4B008F359F /* PBXContainerItemProxy */;
		};
		164D5B6120B94A4B008F359F /* PBXTargetDependency */ = {
			isa = PBXTargetDependency;
			target = 164D5B3F20B94A4A008F359F /* spajam2018 */;
			targetProxy = 164D5B6020B94A4B008F359F /* PBXContainerItemProxy */;
		};
/* End PBXTargetDependency section */

/* Begin PBXVariantGroup section */
		164D5B4720B94A4A008F359F /* Main.storyboard */ = {
			isa = PBXVariantGroup;
			children = (
				164D5B4820B94A4A008F359F /* Base */,
			);
			name = Main.storyboard;
			sourceTree = "<group>";
		};
		164D5B4C20B94A4B008F359F /* LaunchScreen.storyboard */ = {
			isa = PBXVariantGroup;
			children = (
				164D5B4D20B94A4B008F359F /* Base */,
			);
			name = LaunchScreen.storyboard;
			sourceTree = "<group>";
		};
/* End PBXVariantGroup section */

/* Begin XCBuildConfiguration section */
		164D5B6620B94A4B008F359F /* Debug */ = {
			isa = XCBuildConfiguration;
			buildSettings = {
				ALWAYS_SEARCH_USER_PATHS = NO;
				CLANG_ANALYZER_NONNULL = YES;
				CLANG_ANALYZER_NUMBER_OBJECT_CONVERSION = YES_AGGRESSIVE;
				CLANG_CXX_LANGUAGE_STANDARD = "gnu++14";
				CLANG_CXX_LIBRARY = "libc++";
				CLANG_ENABLE_MODULES = YES;
				CLANG_ENABLE_OBJC_ARC = YES;
				CLANG_ENABLE_OBJC_WEAK = YES;
				CLANG_WARN_BLOCK_CAPTURE_AUTORELEASING = YES;
				CLANG_WARN_BOOL_CONVERSION = YES;
				CLANG_WARN_COMMA = YES;
				CLANG_WARN_CONSTANT_CONVERSION = YES;
				CLANG_WARN_DEPRECATED_OBJC_IMPLEMENTATIONS = YES;
				CLANG_WARN_DIRECT_OBJC_ISA_USAGE = YES_ERROR;
				CLANG_WARN_DOCUMENTATION_COMMENTS = YES;
				CLANG_WARN_EMPTY_BODY = YES;
				CLANG_WARN_ENUM_CONVERSION = YES;
				CLANG_WARN_INFINITE_RECURSION = YES;
				CLANG_WARN_INT_CONVERSION = YES;
				CLANG_WARN_NON_LITERAL_NULL_CONVERSION = YES;
				CLANG_WARN_OBJC_IMPLICIT_RETAIN_SELF = YES;
				CLANG_WARN_OBJC_LITERAL_CONVERSION = YES;
				CLANG_WARN_OBJC_ROOT_CLASS = YES_ERROR;
				CLANG_WARN_RANGE_LOOP_ANALYSIS = YES;
				CLANG_WARN_STRICT_PROTOTYPES = YES;
				CLANG_WARN_SUSPICIOUS_MOVE = YES;
				CLANG_WARN_UNGUARDED_AVAILABILITY = YES_AGGRESSIVE;
				CLANG_WARN_UNREACHABLE_CODE = YES;
				CLANG_WARN__DUPLICATE_METHOD_MATCH = YES;
				CODE_SIGN_IDENTITY = "iPhone Developer";
				COPY_PHASE_STRIP = NO;
				DEBUG_INFORMATION_FORMAT = dwarf;
				ENABLE_STRICT_OBJC_MSGSEND = YES;
				ENABLE_TESTABILITY = YES;
				GCC_C_LANGUAGE_STANDARD = gnu11;
				GCC_DYNAMIC_NO_PIC = NO;
				GCC_NO_COMMON_BLOCKS = YES;
				GCC_OPTIMIZATION_LEVEL = 0;
				GCC_PREPROCESSOR_DEFINITIONS = (
					"DEBUG=1",
					"$(inherited)",
				);
				GCC_WARN_64_TO_32_BIT_CONVERSION = YES;
				GCC_WARN_ABOUT_RETURN_TYPE = YES_ERROR;
				GCC_WARN_UNDECLARED_SELECTOR = YES;
				GCC_WARN_UNINITIALIZED_AUTOS = YES_AGGRESSIVE;
				GCC_WARN_UNUSED_FUNCTION = YES;
				GCC_WARN_UNUSED_VARIABLE = YES;
				IPHONEOS_DEPLOYMENT_TARGET = 11.3;
				MTL_ENABLE_DEBUG_INFO = YES;
				ONLY_ACTIVE_ARCH = YES;
				SDKROOT = iphoneos;
				SWIFT_ACTIVE_COMPILATION_CONDITIONS = DEBUG;
				SWIFT_OPTIMIZATION_LEVEL = "-Onone";
			};
			name = Debug;
		};
		164D5B6720B94A4B008F359F /* Release */ = {
			isa = XCBuildConfiguration;
			buildSettings = {
				ALWAYS_SEARCH_USER_PATHS = NO;
				CLANG_ANALYZER_NONNULL = YES;
				CLANG_ANALYZER_NUMBER_OBJECT_CONVERSION = YES_AGGRESSIVE;
				CLANG_CXX_LANGUAGE_STANDARD = "gnu++14";
				CLANG_CXX_LIBRARY = "libc++";
				CLANG_ENABLE_MODULES = YES;
				CLANG_ENABLE_OBJC_ARC = YES;
				CLANG_ENABLE_OBJC_WEAK = YES;
				CLANG_WARN_BLOCK_CAPTURE_AUTORELEASING = YES;
				CLANG_WARN_BOOL_CONVERSION = YES;
				CLANG_WARN_COMMA = YES;
				CLANG_WARN_CONSTANT_CONVERSION = YES;
				CLANG_WARN_DEPRECATED_OBJC_IMPLEMENTATIONS = YES;
				CLANG_WARN_DIRECT_OBJC_ISA_USAGE = YES_ERROR;
				CLANG_WARN_DOCUMENTATION_COMMENTS = YES;
				CLANG_WARN_EMPTY_BODY = YES;
				CLANG_WARN_ENUM_CONVERSION = YES;
				CLANG_WARN_INFINITE_RECURSION = YES;
				CLANG_WARN_INT_CONVERSION = YES;
				CLANG_WARN_NON_LITERAL_NULL_CONVERSION = YES;
				CLANG_WARN_OBJC_IMPLICIT_RETAIN_SELF = YES;
				CLANG_WARN_OBJC_LITERAL_CONVERSION = YES;
				CLANG_WARN_OBJC_ROOT_CLASS = YES_ERROR;
				CLANG_WARN_RANGE_LOOP_ANALYSIS = YES;
				CLANG_WARN_STRICT_PROTOTYPES = YES;
				CLANG_WARN_SUSPICIOUS_MOVE = YES;
				CLANG_WARN_UNGUARDED_AVAILABILITY = YES_AGGRESSIVE;
				CLANG_WARN_UNREACHABLE_CODE = YES;
				CLANG_WARN__DUPLICATE_METHOD_MATCH = YES;
				CODE_SIGN_IDENTITY = "iPhone Developer";
				COPY_PHASE_STRIP = NO;
				DEBUG_INFORMATION_FORMAT = "dwarf-with-dsym";
				ENABLE_NS_ASSERTIONS = NO;
				ENABLE_STRICT_OBJC_MSGSEND = YES;
				GCC_C_LANGUAGE_STANDARD = gnu11;
				GCC_NO_COMMON_BLOCKS = YES;
				GCC_WARN_64_TO_32_BIT_CONVERSION = YES;
				GCC_WARN_ABOUT_RETURN_TYPE = YES_ERROR;
				GCC_WARN_UNDECLARED_SELECTOR = YES;
				GCC_WARN_UNINITIALIZED_AUTOS = YES_AGGRESSIVE;
				GCC_WARN_UNUSED_FUNCTION = YES;
				GCC_WARN_UNUSED_VARIABLE = YES;
				IPHONEOS_DEPLOYMENT_TARGET = 11.3;
				MTL_ENABLE_DEBUG_INFO = NO;
				SDKROOT = iphoneos;
				SWIFT_COMPILATION_MODE = wholemodule;
				SWIFT_OPTIMIZATION_LEVEL = "-O";
				VALIDATE_PRODUCT = YES;
			};
			name = Release;
		};
		164D5B6920B94A4B008F359F /* Debug */ = {
			isa = XCBuildConfiguration;
			baseConfigurationReference = 1D94874D539F26337A96D57B /* Pods-spajam2018.debug.xcconfig */;
			buildSettings = {
				ASSETCATALOG_COMPILER_APPICON_NAME = AppIcon;
				CODE_SIGN_IDENTITY = "iPhone Developer";
				CODE_SIGN_STYLE = Automatic;
				DEVELOPMENT_TEAM = H787646Q86;
				INFOPLIST_FILE = spajam2018/Info.plist;
				IPHONEOS_DEPLOYMENT_TARGET = 11.3;
				LD_RUNPATH_SEARCH_PATHS = (
					"$(inherited)",
					"@executable_path/Frameworks",
				);
				PRODUCT_BUNDLE_IDENTIFIER = goombeer.spajam2018;
				PRODUCT_NAME = "$(TARGET_NAME)";
				PROVISIONING_PROFILE_SPECIFIER = "";
				SWIFT_VERSION = 4.0;
				TARGETED_DEVICE_FAMILY = "1,2";
			};
			name = Debug;
		};
		164D5B6A20B94A4B008F359F /* Release */ = {
			isa = XCBuildConfiguration;
			baseConfigurationReference = 9BC2E8506F655900ED264206 /* Pods-spajam2018.release.xcconfig */;
			buildSettings = {
				ASSETCATALOG_COMPILER_APPICON_NAME = AppIcon;
				CODE_SIGN_IDENTITY = "iPhone Developer";
				CODE_SIGN_STYLE = Automatic;
				DEVELOPMENT_TEAM = H787646Q86;
				INFOPLIST_FILE = spajam2018/Info.plist;
				IPHONEOS_DEPLOYMENT_TARGET = 11.3;
				LD_RUNPATH_SEARCH_PATHS = (
					"$(inherited)",
					"@executable_path/Frameworks",
				);
				PRODUCT_BUNDLE_IDENTIFIER = goombeer.spajam2018;
				PRODUCT_NAME = "$(TARGET_NAME)";
				PROVISIONING_PROFILE_SPECIFIER = "";
				SWIFT_VERSION = 4.0;
				TARGETED_DEVICE_FAMILY = "1,2";
			};
			name = Release;
		};
		164D5B6C20B94A4B008F359F /* Debug */ = {
			isa = XCBuildConfiguration;
			baseConfigurationReference = 106EC8298F5A306AB7A1DB0F /* Pods-spajam2018Tests.debug.xcconfig */;
			buildSettings = {
				ALWAYS_EMBED_SWIFT_STANDARD_LIBRARIES = YES;
				BUNDLE_LOADER = "$(TEST_HOST)";
				CODE_SIGN_STYLE = Automatic;
				DEVELOPMENT_TEAM = 24M9ECV3K5;
				INFOPLIST_FILE = spajam2018Tests/Info.plist;
				LD_RUNPATH_SEARCH_PATHS = (
					"$(inherited)",
					"@executable_path/Frameworks",
					"@loader_path/Frameworks",
				);
				PRODUCT_BUNDLE_IDENTIFIER = goombeer.spajam2018Tests;
				PRODUCT_NAME = "$(TARGET_NAME)";
				SWIFT_VERSION = 4.0;
				TARGETED_DEVICE_FAMILY = "1,2";
				TEST_HOST = "$(BUILT_PRODUCTS_DIR)/spajam2018.app/spajam2018";
			};
			name = Debug;
		};
		164D5B6D20B94A4B008F359F /* Release */ = {
			isa = XCBuildConfiguration;
			baseConfigurationReference = 51E4CFDB38CF4FB4AFD0FE61 /* Pods-spajam2018Tests.release.xcconfig */;
			buildSettings = {
				ALWAYS_EMBED_SWIFT_STANDARD_LIBRARIES = YES;
				BUNDLE_LOADER = "$(TEST_HOST)";
				CODE_SIGN_STYLE = Automatic;
				DEVELOPMENT_TEAM = 24M9ECV3K5;
				INFOPLIST_FILE = spajam2018Tests/Info.plist;
				LD_RUNPATH_SEARCH_PATHS = (
					"$(inherited)",
					"@executable_path/Frameworks",
					"@loader_path/Frameworks",
				);
				PRODUCT_BUNDLE_IDENTIFIER = goombeer.spajam2018Tests;
				PRODUCT_NAME = "$(TARGET_NAME)";
				SWIFT_VERSION = 4.0;
				TARGETED_DEVICE_FAMILY = "1,2";
				TEST_HOST = "$(BUILT_PRODUCTS_DIR)/spajam2018.app/spajam2018";
			};
			name = Release;
		};
		164D5B6F20B94A4B008F359F /* Debug */ = {
			isa = XCBuildConfiguration;
			baseConfigurationReference = 1F2C879771BECCF3670EFA55 /* Pods-spajam2018UITests.debug.xcconfig */;
			buildSettings = {
				ALWAYS_EMBED_SWIFT_STANDARD_LIBRARIES = YES;
				CODE_SIGN_STYLE = Automatic;
				DEVELOPMENT_TEAM = 24M9ECV3K5;
				INFOPLIST_FILE = spajam2018UITests/Info.plist;
				LD_RUNPATH_SEARCH_PATHS = (
					"$(inherited)",
					"@executable_path/Frameworks",
					"@loader_path/Frameworks",
				);
				PRODUCT_BUNDLE_IDENTIFIER = goombeer.spajam2018UITests;
				PRODUCT_NAME = "$(TARGET_NAME)";
				SWIFT_VERSION = 4.0;
				TARGETED_DEVICE_FAMILY = "1,2";
				TEST_TARGET_NAME = spajam2018;
			};
			name = Debug;
		};
		164D5B7020B94A4B008F359F /* Release */ = {
			isa = XCBuildConfiguration;
			baseConfigurationReference = E4BF907305B46D1F2EC20D27 /* Pods-spajam2018UITests.release.xcconfig */;
			buildSettings = {
				ALWAYS_EMBED_SWIFT_STANDARD_LIBRARIES = YES;
				CODE_SIGN_STYLE = Automatic;
				DEVELOPMENT_TEAM = 24M9ECV3K5;
				INFOPLIST_FILE = spajam2018UITests/Info.plist;
				LD_RUNPATH_SEARCH_PATHS = (
					"$(inherited)",
					"@executable_path/Frameworks",
					"@loader_path/Frameworks",
				);
				PRODUCT_BUNDLE_IDENTIFIER = goombeer.spajam2018UITests;
				PRODUCT_NAME = "$(TARGET_NAME)";
				SWIFT_VERSION = 4.0;
				TARGETED_DEVICE_FAMILY = "1,2";
				TEST_TARGET_NAME = spajam2018;
			};
			name = Release;
		};
/* End XCBuildConfiguration section */

/* Begin XCConfigurationList section */
		164D5B3B20B94A4A008F359F /* Build configuration list for PBXProject "spajam2018" */ = {
			isa = XCConfigurationList;
			buildConfigurations = (
				164D5B6620B94A4B008F359F /* Debug */,
				164D5B6720B94A4B008F359F /* Release */,
			);
			defaultConfigurationIsVisible = 0;
			defaultConfigurationName = Release;
		};
		164D5B6820B94A4B008F359F /* Build configuration list for PBXNativeTarget "spajam2018" */ = {
			isa = XCConfigurationList;
			buildConfigurations = (
				164D5B6920B94A4B008F359F /* Debug */,
				164D5B6A20B94A4B008F359F /* Release */,
			);
			defaultConfigurationIsVisible = 0;
			defaultConfigurationName = Release;
		};
		164D5B6B20B94A4B008F359F /* Build configuration list for PBXNativeTarget "spajam2018Tests" */ = {
			isa = XCConfigurationList;
			buildConfigurations = (
				164D5B6C20B94A4B008F359F /* Debug */,
				164D5B6D20B94A4B008F359F /* Release */,
			);
			defaultConfigurationIsVisible = 0;
			defaultConfigurationName = Release;
		};
		164D5B6E20B94A4B008F359F /* Build configuration list for PBXNativeTarget "spajam2018UITests" */ = {
			isa = XCConfigurationList;
			buildConfigurations = (
				164D5B6F20B94A4B008F359F /* Debug */,
				164D5B7020B94A4B008F359F /* Release */,
			);
			defaultConfigurationIsVisible = 0;
			defaultConfigurationName = Release;
		};
/* End XCConfigurationList section */
	};
	rootObject = 164D5B3820B94A4A008F359F /* Project object */;
}
